
Microsoft Visual Studio Solution File, Format Version 12.00
# Visual Studio Version 16
VisualStudioVersion = 16.0.31205.134
MinimumVisualStudioVersion = 10.0.40219.1
Project("{FAE04EC0-301F-11D3-BF4B-00C04F79EFBC}") = "MyClient", "MyClient.csproj", "{00964A42-653C-461F-BE97-96F417AF0846}"
EndProject
Global
	GlobalSection(SolutionConfigurationPlatforms) = preSolution
		Debug|Any CPU = Debug|Any CPU
		Release|Any CPU = Release|Any CPU
	EndGlobalSection
	GlobalSection(ProjectConfigurationPlatforms) = postSolution
		{00964A42-653C-461F-BE97-96F417AF0846}.Debug|Any CPU.ActiveCfg = Debug|Any CPU
		{00964A42-653C-461F-BE97-96F417AF0846}.Debug|Any CPU.Build.0 = Debug|Any CPU
		{00964A42-653C-461F-BE97-96F417AF0846}.Release|Any CPU.ActiveCfg = Release|Any CPU
		{00964A42-653C-461F-BE97-96F417AF0846}.Release|Any CPU.Build.0 = Release|Any CPU
	EndGlobalSection
	GlobalSection(SolutionProperties) = preSolution
		HideSolutionNode = FALSE
	EndGlobalSection
	GlobalSection(ExtensibilityGlobals) = postSolution
		SolutionGuid = {98A3E6D9-1598-4FB3-AAC2-F2597CE3915E}
	EndGlobalSection
EndGlobal
