
Microsoft Visual Studio Solution File, Format Version 12.00
# Visual Studio Version 16
VisualStudioVersion = 16.0.31205.134
MinimumVisualStudioVersion = 10.0.40219.1
Project("{FAE04EC0-301F-11D3-BF4B-00C04F79EFBC}") = "WorkingwithCollections", "WorkingwithCollections.csproj", "{DF35DA74-D126-4327-B92C-3218D30CEFB7}"
EndProject
Global
	GlobalSection(SolutionConfigurationPlatforms) = preSolution
		Debug|Any CPU = Debug|Any CPU
		Release|Any CPU = Release|Any CPU
	EndGlobalSection
	GlobalSection(ProjectConfigurationPlatforms) = postSolution
		{DF35DA74-D126-4327-B92C-3218D30CEFB7}.Debug|Any CPU.ActiveCfg = Debug|Any CPU
		{DF35DA74-D126-4327-B92C-3218D30CEFB7}.Debug|Any CPU.Build.0 = Debug|Any CPU
		{DF35DA74-D126-4327-B92C-3218D30CEFB7}.Release|Any CPU.ActiveCfg = Release|Any CPU
		{DF35DA74-D126-4327-B92C-3218D30CEFB7}.Release|Any CPU.Build.0 = Release|Any CPU
	EndGlobalSection
	GlobalSection(SolutionProperties) = preSolution
		HideSolutionNode = FALSE
	EndGlobalSection
	GlobalSection(ExtensibilityGlobals) = postSolution
		SolutionGuid = {3F107B85-1083-4AC3-AA6D-02E071DBFF3C}
	EndGlobalSection
EndGlobal
